// !$*UTF8*$!
{
	archiveVersion = 1;
	classes = {
	};
	objectVersion = 50;
	objects = {

/* Begin PBXBuildFile section */
		5502F21C237CA2BD0068C1F7 /* AppDelegate.swift in Sources */ = {isa = PBXBuildFile; fileRef = 5502F21B237CA2BD0068C1F7 /* AppDelegate.swift */; };
		5502F21E237CA2BD0068C1F7 /* SceneDelegate.swift in Sources */ = {isa = PBXBuildFile; fileRef = 5502F21D237CA2BD0068C1F7 /* SceneDelegate.swift */; };
		5502F220237CA2BD0068C1F7 /* WelcomeViewController.swift in Sources */ = {isa = PBXBuildFile; fileRef = 5502F21F237CA2BD0068C1F7 /* WelcomeViewController.swift */; };
		5502F223237CA2BD0068C1F7 /* Main.storyboard in Resources */ = {isa = PBXBuildFile; fileRef = 5502F221237CA2BD0068C1F7 /* Main.storyboard */; };
		5502F225237CA2BE0068C1F7 /* Assets.xcassets in Resources */ = {isa = PBXBuildFile; fileRef = 5502F224237CA2BE0068C1F7 /* Assets.xcassets */; };
		5502F228237CA2BE0068C1F7 /* LaunchScreen.storyboard in Resources */ = {isa = PBXBuildFile; fileRef = 5502F226237CA2BE0068C1F7 /* LaunchScreen.storyboard */; };
		9BE7C8B7237E175E007AC2C2 /* Cart.swift in Sources */ = {isa = PBXBuildFile; fileRef = 9BE7C8B6237E175E007AC2C2 /* Cart.swift */; };
		9BE7C8B9237E1765007AC2C2 /* LoginViewController.swift in Sources */ = {isa = PBXBuildFile; fileRef = 9BE7C8B8237E1765007AC2C2 /* LoginViewController.swift */; };
		9BE7C8BF237E1778007AC2C2 /* WelcomeViewController.swift in Sources */ = {isa = PBXBuildFile; fileRef = 9BE7C8BA237E1778007AC2C2 /* WelcomeViewController.swift */; };
		9BE7C8C0237E1778007AC2C2 /* verfyingValidations.swift in Sources */ = {isa = PBXBuildFile; fileRef = 9BE7C8BB237E1778007AC2C2 /* verfyingValidations.swift */; };
		9BE7C8C1237E1778007AC2C2 /* MenuTableViewController.swift in Sources */ = {isa = PBXBuildFile; fileRef = 9BE7C8BC237E1778007AC2C2 /* MenuTableViewController.swift */; };
		9BE7C8C2237E1778007AC2C2 /* SignUpViewController.swift in Sources */ = {isa = PBXBuildFile; fileRef = 9BE7C8BD237E1778007AC2C2 /* SignUpViewController.swift */; };
		9BE7C8C3237E1778007AC2C2 /* Products.swift in Sources */ = {isa = PBXBuildFile; fileRef = 9BE7C8BE237E1778007AC2C2 /* Products.swift */; };
/* End PBXBuildFile section */

/* Begin PBXFileReference section */
		5502F218237CA2BD0068C1F7 /* IosProject.app */ = {isa = PBXFileReference; explicitFileType = wrapper.application; includeInIndex = 0; path = IosProject.app; sourceTree = BUILT_PRODUCTS_DIR; };
		5502F21B237CA2BD0068C1F7 /* AppDelegate.swift */ = {isa = PBXFileReference; lastKnownFileType = sourcecode.swift; path = AppDelegate.swift; sourceTree = "<group>"; };
		5502F21D237CA2BD0068C1F7 /* SceneDelegate.swift */ = {isa = PBXFileReference; lastKnownFileType = sourcecode.swift; path = SceneDelegate.swift; sourceTree = "<group>"; };
		5502F21F237CA2BD0068C1F7 /* WelcomeViewController.swift */ = {isa = PBXFileReference; lastKnownFileType = sourcecode.swift; path = WelcomeViewController.swift; sourceTree = "<group>"; };
		5502F222237CA2BD0068C1F7 /* Base */ = {isa = PBXFileReference; lastKnownFileType = file.storyboard; name = Base; path = Base.lproj/Main.storyboard; sourceTree = "<group>"; };
		5502F224237CA2BE0068C1F7 /* Assets.xcassets */ = {isa = PBXFileReference; lastKnownFileType = folder.assetcatalog; path = Assets.xcassets; sourceTree = "<group>"; };
		5502F227237CA2BE0068C1F7 /* Base */ = {isa = PBXFileReference; lastKnownFileType = file.storyboard; name = Base; path = Base.lproj/LaunchScreen.storyboard; sourceTree = "<group>"; };
		5502F229237CA2BE0068C1F7 /* Info.plist */ = {isa = PBXFileReference; lastKnownFileType = text.plist.xml; path = Info.plist; sourceTree = "<group>"; };
		9BE7C8B6237E175E007AC2C2 /* Cart.swift */ = {isa = PBXFileReference; fileEncoding = 4; lastKnownFileType = sourcecode.swift; path = Cart.swift; sourceTree = "<group>"; };
		9BE7C8B8237E1765007AC2C2 /* LoginViewController.swift */ = {isa = PBXFileReference; fileEncoding = 4; lastKnownFileType = sourcecode.swift; path = LoginViewController.swift; sourceTree = "<group>"; };
		9BE7C8BA237E1778007AC2C2 /* WelcomeViewController.swift */ = {isa = PBXFileReference; fileEncoding = 4; lastKnownFileType = sourcecode.swift; path = WelcomeViewController.swift; sourceTree = "<group>"; };
		9BE7C8BB237E1778007AC2C2 /* verfyingValidations.swift */ = {isa = PBXFileReference; fileEncoding = 4; lastKnownFileType = sourcecode.swift; path = verfyingValidations.swift; sourceTree = "<group>"; };
		9BE7C8BC237E1778007AC2C2 /* MenuTableViewController.swift */ = {isa = PBXFileReference; fileEncoding = 4; lastKnownFileType = sourcecode.swift; path = MenuTableViewController.swift; sourceTree = "<group>"; };
		9BE7C8BD237E1778007AC2C2 /* SignUpViewController.swift */ = {isa = PBXFileReference; fileEncoding = 4; lastKnownFileType = sourcecode.swift; path = SignUpViewController.swift; sourceTree = "<group>"; };
		9BE7C8BE237E1778007AC2C2 /* Products.swift */ = {isa = PBXFileReference; fileEncoding = 4; lastKnownFileType = sourcecode.swift; path = Products.swift; sourceTree = "<group>"; };
/* End PBXFileReference section */

/* Begin PBXFrameworksBuildPhase section */
		5502F215237CA2BD0068C1F7 /* Frameworks */ = {
			isa = PBXFrameworksBuildPhase;
			buildActionMask = 2147483647;
			files = (
			);
			runOnlyForDeploymentPostprocessing = 0;
		};
/* End PBXFrameworksBuildPhase section */

/* Begin PBXGroup section */
		5502F20F237CA2BC0068C1F7 = {
			isa = PBXGroup;
			children = (
				5502F21A237CA2BD0068C1F7 /* IosProject */,
				5502F219237CA2BD0068C1F7 /* Products */,
			);
			sourceTree = "<group>";
		};
		5502F219237CA2BD0068C1F7 /* Products */ = {
			isa = PBXGroup;
			children = (
				5502F218237CA2BD0068C1F7 /* IosProject.app */,
			);
			name = Products;
			sourceTree = "<group>";
		};
		5502F21A237CA2BD0068C1F7 /* IosProject */ = {
			isa = PBXGroup;
			children = (
				5502F21B237CA2BD0068C1F7 /* AppDelegate.swift */,
				5502F21D237CA2BD0068C1F7 /* SceneDelegate.swift */,
				9BE7C8BC237E1778007AC2C2 /* MenuTableViewController.swift */,
				9BE7C8BE237E1778007AC2C2 /* Products.swift */,
				9BE7C8BD237E1778007AC2C2 /* SignUpViewController.swift */,
				9BE7C8BB237E1778007AC2C2 /* verfyingValidations.swift */,
				5502F21F237CA2BD0068C1F7 /* WelcomeViewController.swift */,
				5502F221237CA2BD0068C1F7 /* Main.storyboard */,
				5502F224237CA2BE0068C1F7 /* Assets.xcassets */,
				5502F226237CA2BE0068C1F7 /* LaunchScreen.storyboard */,
				9BE7C8B8237E1765007AC2C2 /* LoginViewController.swift */,
				9BE7C8BA237E1778007AC2C2 /* WelcomeViewController.swift */,
				9BE7C8B6237E175E007AC2C2 /* Cart.swift */,
				5502F229237CA2BE0068C1F7 /* Info.plist */,
			);
			path = IosProject;
			sourceTree = "<group>";
		};
/* End PBXGroup section */

/* Begin PBXNativeTarget section */
		5502F217237CA2BD0068C1F7 /* IosProject */ = {
			isa = PBXNativeTarget;
			buildConfigurationList = 5502F22C237CA2BE0068C1F7 /* Build configuration list for PBXNativeTarget "IosProject" */;
			buildPhases = (
				5502F214237CA2BD0068C1F7 /* Sources */,
				5502F215237CA2BD0068C1F7 /* Frameworks */,
				5502F216237CA2BD0068C1F7 /* Resources */,
			);
			buildRules = (
			);
			dependencies = (
			);
			name = IosProject;
			productName = IosProject;
			productReference = 5502F218237CA2BD0068C1F7 /* IosProject.app */;
			productType = "com.apple.product-type.application";
		};
/* End PBXNativeTarget section */

/* Begin PBXProject section */
		5502F210237CA2BC0068C1F7 /* Project object */ = {
			isa = PBXProject;
			attributes = {
				LastSwiftUpdateCheck = 1110;
				LastUpgradeCheck = 1110;
				ORGANIZATIONNAME = Camy;
				TargetAttributes = {
					5502F217237CA2BD0068C1F7 = {
						CreatedOnToolsVersion = 11.1;
					};
				};
			};
			buildConfigurationList = 5502F213237CA2BD0068C1F7 /* Build configuration list for PBXProject "IosProject" */;
			compatibilityVersion = "Xcode 9.3";
			developmentRegion = en;
			hasScannedForEncodings = 0;
			knownRegions = (
				en,
				Base,
			);
			mainGroup = 5502F20F237CA2BC0068C1F7;
			productRefGroup = 5502F219237CA2BD0068C1F7 /* Products */;
			projectDirPath = "";
			projectRoot = "";
			targets = (
				5502F217237CA2BD0068C1F7 /* IosProject */,
			);
		};
/* End PBXProject section */

/* Begin PBXResourcesBuildPhase section */
		5502F216237CA2BD0068C1F7 /* Resources */ = {
			isa = PBXResourcesBuildPhase;
			buildActionMask = 2147483647;
			files = (
				5502F228237CA2BE0068C1F7 /* LaunchScreen.storyboard in Resources */,
				5502F225237CA2BE0068C1F7 /* Assets.xcassets in Resources */,
				5502F223237CA2BD0068C1F7 /* Main.storyboard in Resources */,
			);
			runOnlyForDeploymentPostprocessing = 0;
		};
/* End PBXResourcesBuildPhase section */

/* Begin PBXSourcesBuildPhase section */
		5502F214237CA2BD0068C1F7 /* Sources */ = {
			isa = PBXSourcesBuildPhase;
			buildActionMask = 2147483647;
			files = (
				5502F220237CA2BD0068C1F7 /* WelcomeViewController.swift in Sources */,
				9BE7C8C0237E1778007AC2C2 /* verfyingValidations.swift in Sources */,
				5502F21C237CA2BD0068C1F7 /* AppDelegate.swift in Sources */,
				5502F21E237CA2BD0068C1F7 /* SceneDelegate.swift in Sources */,
				9BE7C8C1237E1778007AC2C2 /* MenuTableViewController.swift in Sources */,
				9BE7C8BF237E1778007AC2C2 /* WelcomeViewController.swift in Sources */,
				9BE7C8C2237E1778007AC2C2 /* SignUpViewController.swift in Sources */,
				9BE7C8C3237E1778007AC2C2 /* Products.swift in Sources */,
				9BE7C8B9237E1765007AC2C2 /* LoginViewController.swift in Sources */,
				9BE7C8B7237E175E007AC2C2 /* Cart.swift in Sources */,
			);
			runOnlyForDeploymentPostprocessing = 0;
		};
/* End PBXSourcesBuildPhase section */

/* Begin PBXVariantGroup section */
		5502F221237CA2BD0068C1F7 /* Main.storyboard */ = {
			isa = PBXVariantGroup;
			children = (
				5502F222237CA2BD0068C1F7 /* Base */,
			);
			name = Main.storyboard;
			sourceTree = "<group>";
		};
		5502F226237CA2BE0068C1F7 /* LaunchScreen.storyboard */ = {
			isa = PBXVariantGroup;
			children = (
				5502F227237CA2BE0068C1F7 /* Base */,
			);
			name = LaunchScreen.storyboard;
			sourceTree = "<group>";
		};
/* End PBXVariantGroup section */

/* Begin XCBuildConfiguration section */
		5502F22A237CA2BE0068C1F7 /* Debug */ = {
			isa = XCBuildConfiguration;
			buildSettings = {
				ALWAYS_SEARCH_USER_PATHS = NO;
				CLANG_ANALYZER_NONNULL = YES;
				CLANG_ANALYZER_NUMBER_OBJECT_CONVERSION = YES_AGGRESSIVE;
				CLANG_CXX_LANGUAGE_STANDARD = "gnu++14";
				CLANG_CXX_LIBRARY = "libc++";
				CLANG_ENABLE_MODULES = YES;
				CLANG_ENABLE_OBJC_ARC = YES;
				CLANG_ENABLE_OBJC_WEAK = YES;
				CLANG_WARN_BLOCK_CAPTURE_AUTORELEASING = YES;
				CLANG_WARN_BOOL_CONVERSION = YES;
				CLANG_WARN_COMMA = YES;
				CLANG_WARN_CONSTANT_CONVERSION = YES;
				CLANG_WARN_DEPRECATED_OBJC_IMPLEMENTATIONS = YES;
				CLANG_WARN_DIRECT_OBJC_ISA_USAGE = YES_ERROR;
				CLANG_WARN_DOCUMENTATION_COMMENTS = YES;
				CLANG_WARN_EMPTY_BODY = YES;
				CLANG_WARN_ENUM_CONVERSION = YES;
				CLANG_WARN_INFINITE_RECURSION = YES;
				CLANG_WARN_INT_CONVERSION = YES;
				CLANG_WARN_NON_LITERAL_NULL_CONVERSION = YES;
				CLANG_WARN_OBJC_IMPLICIT_RETAIN_SELF = YES;
				CLANG_WARN_OBJC_LITERAL_CONVERSION = YES;
				CLANG_WARN_OBJC_ROOT_CLASS = YES_ERROR;
				CLANG_WARN_RANGE_LOOP_ANALYSIS = YES;
				CLANG_WARN_STRICT_PROTOTYPES = YES;
				CLANG_WARN_SUSPICIOUS_MOVE = YES;
				CLANG_WARN_UNGUARDED_AVAILABILITY = YES_AGGRESSIVE;
				CLANG_WARN_UNREACHABLE_CODE = YES;
				CLANG_WARN__DUPLICATE_METHOD_MATCH = YES;
				COPY_PHASE_STRIP = NO;
				DEBUG_INFORMATION_FORMAT = dwarf;
				ENABLE_STRICT_OBJC_MSGSEND = YES;
				ENABLE_TESTABILITY = YES;
				GCC_C_LANGUAGE_STANDARD = gnu11;
				GCC_DYNAMIC_NO_PIC = NO;
				GCC_NO_COMMON_BLOCKS = YES;
				GCC_OPTIMIZATION_LEVEL = 0;
				GCC_PREPROCESSOR_DEFINITIONS = (
					"DEBUG=1",
					"$(inherited)",
				);
				GCC_WARN_64_TO_32_BIT_CONVERSION = YES;
				GCC_WARN_ABOUT_RETURN_TYPE = YES_ERROR;
				GCC_WARN_UNDECLARED_SELECTOR = YES;
				GCC_WARN_UNINITIALIZED_AUTOS = YES_AGGRESSIVE;
				GCC_WARN_UNUSED_FUNCTION = YES;
				GCC_WARN_UNUSED_VARIABLE = YES;
				IPHONEOS_DEPLOYMENT_TARGET = 13.1;
				MTL_ENABLE_DEBUG_INFO = INCLUDE_SOURCE;
				MTL_FAST_MATH = YES;
				ONLY_ACTIVE_ARCH = YES;
				SDKROOT = iphoneos;
				SWIFT_ACTIVE_COMPILATION_CONDITIONS = DEBUG;
				SWIFT_OPTIMIZATION_LEVEL = "-Onone";
			};
			name = Debug;
		};
		5502F22B237CA2BE0068C1F7 /* Release */ = {
			isa = XCBuildConfiguration;
			buildSettings = {
				ALWAYS_SEARCH_USER_PATHS = NO;
				CLANG_ANALYZER_NONNULL = YES;
				CLANG_ANALYZER_NUMBER_OBJECT_CONVERSION = YES_AGGRESSIVE;
				CLANG_CXX_LANGUAGE_STANDARD = "gnu++14";
				CLANG_CXX_LIBRARY = "libc++";
				CLANG_ENABLE_MODULES = YES;
				CLANG_ENABLE_OBJC_ARC = YES;
				CLANG_ENABLE_OBJC_WEAK = YES;
				CLANG_WARN_BLOCK_CAPTURE_AUTORELEASING = YES;
				CLANG_WARN_BOOL_CONVERSION = YES;
				CLANG_WARN_COMMA = YES;
				CLANG_WARN_CONSTANT_CONVERSION = YES;
				CLANG_WARN_DEPRECATED_OBJC_IMPLEMENTATIONS = YES;
				CLANG_WARN_DIRECT_OBJC_ISA_USAGE = YES_ERROR;
				CLANG_WARN_DOCUMENTATION_COMMENTS = YES;
				CLANG_WARN_EMPTY_BODY = YES;
				CLANG_WARN_ENUM_CONVERSION = YES;
				CLANG_WARN_INFINITE_RECURSION = YES;
				CLANG_WARN_INT_CONVERSION = YES;
				CLANG_WARN_NON_LITERAL_NULL_CONVERSION = YES;
				CLANG_WARN_OBJC_IMPLICIT_RETAIN_SELF = YES;
				CLANG_WARN_OBJC_LITERAL_CONVERSION = YES;
				CLANG_WARN_OBJC_ROOT_CLASS = YES_ERROR;
				CLANG_WARN_RANGE_LOOP_ANALYSIS = YES;
				CLANG_WARN_STRICT_PROTOTYPES = YES;
				CLANG_WARN_SUSPICIOUS_MOVE = YES;
				CLANG_WARN_UNGUARDED_AVAILABILITY = YES_AGGRESSIVE;
				CLANG_WARN_UNREACHABLE_CODE = YES;
				CLANG_WARN__DUPLICATE_METHOD_MATCH = YES;
				COPY_PHASE_STRIP = NO;
				DEBUG_INFORMATION_FORMAT = "dwarf-with-dsym";
				ENABLE_NS_ASSERTIONS = NO;
				ENABLE_STRICT_OBJC_MSGSEND = YES;
				GCC_C_LANGUAGE_STANDARD = gnu11;
				GCC_NO_COMMON_BLOCKS = YES;
				GCC_WARN_64_TO_32_BIT_CONVERSION = YES;
				GCC_WARN_ABOUT_RETURN_TYPE = YES_ERROR;
				GCC_WARN_UNDECLARED_SELECTOR = YES;
				GCC_WARN_UNINITIALIZED_AUTOS = YES_AGGRESSIVE;
				GCC_WARN_UNUSED_FUNCTION = YES;
				GCC_WARN_UNUSED_VARIABLE = YES;
				IPHONEOS_DEPLOYMENT_TARGET = 13.1;
				MTL_ENABLE_DEBUG_INFO = NO;
				MTL_FAST_MATH = YES;
				SDKROOT = iphoneos;
				SWIFT_COMPILATION_MODE = wholemodule;
				SWIFT_OPTIMIZATION_LEVEL = "-O";
				VALIDATE_PRODUCT = YES;
			};
			name = Release;
		};
		5502F22D237CA2BE0068C1F7 /* Debug */ = {
			isa = XCBuildConfiguration;
			buildSettings = {
				ASSETCATALOG_COMPILER_APPICON_NAME = AppIcon;
				CODE_SIGN_STYLE = Automatic;
				INFOPLIST_FILE = IosProject/Info.plist;
				LD_RUNPATH_SEARCH_PATHS = (
					"$(inherited)",
					"@executable_path/Frameworks",
				);
				PRODUCT_BUNDLE_IDENTIFIER = com.Camy.IosProject;
				PRODUCT_NAME = "$(TARGET_NAME)";
				SWIFT_VERSION = 5.0;
				TARGETED_DEVICE_FAMILY = "1,2";
			};
			name = Debug;
		};
		5502F22E237CA2BE0068C1F7 /* Release */ = {
			isa = XCBuildConfiguration;
			buildSettings = {
				ASSETCATALOG_COMPILER_APPICON_NAME = AppIcon;
				CODE_SIGN_STYLE = Automatic;
				INFOPLIST_FILE = IosProject/Info.plist;
				LD_RUNPATH_SEARCH_PATHS = (
					"$(inherited)",
					"@executable_path/Frameworks",
				);
				PRODUCT_BUNDLE_IDENTIFIER = com.Camy.IosProject;
				PRODUCT_NAME = "$(TARGET_NAME)";
				SWIFT_VERSION = 5.0;
				TARGETED_DEVICE_FAMILY = "1,2";
			};
			name = Release;
		};
/* End XCBuildConfiguration section */

/* Begin XCConfigurationList section */
		5502F213237CA2BD0068C1F7 /* Build configuration list for PBXProject "IosProject" */ = {
			isa = XCConfigurationList;
			buildConfigurations = (
				5502F22A237CA2BE0068C1F7 /* Debug */,
				5502F22B237CA2BE0068C1F7 /* Release */,
			);
			defaultConfigurationIsVisible = 0;
			defaultConfigurationName = Release;
		};
		5502F22C237CA2BE0068C1F7 /* Build configuration list for PBXNativeTarget "IosProject" */ = {
			isa = XCConfigurationList;
			buildConfigurations = (
				5502F22D237CA2BE0068C1F7 /* Debug */,
				5502F22E237CA2BE0068C1F7 /* Release */,
			);
			defaultConfigurationIsVisible = 0;
			defaultConfigurationName = Release;
		};
/* End XCConfigurationList section */
	};
	rootObject = 5502F210237CA2BC0068C1F7 /* Project object */;
}
