// !$*UTF8*$!
{
	archiveVersion = 1;
	classes = {
	};
	objectVersion = 50;
	objects = {

/* Begin PBXBuildFile section */
		5502F21C237CA2BD0068C1F7 /* AppDelegate.swift in Sources */ = {isa = PBXBuildFile; fileRef = 5502F21B237CA2BD0068C1F7 /* AppDelegate.swift */; };
		5502F21E237CA2BD0068C1F7 /* SceneDelegate.swift in Sources */ = {isa = PBXBuildFile; fileRef = 5502F21D237CA2BD0068C1F7 /* SceneDelegate.swift */; };
		5502F223237CA2BD0068C1F7 /* Main.storyboard in Resources */ = {isa = PBXBuildFile; fileRef = 5502F221237CA2BD0068C1F7 /* Main.storyboard */; };
		5502F225237CA2BE0068C1F7 /* Assets.xcassets in Resources */ = {isa = PBXBuildFile; fileRef = 5502F224237CA2BE0068C1F7 /* Assets.xcassets */; };
		5502F228237CA2BE0068C1F7 /* LaunchScreen.storyboard in Resources */ = {isa = PBXBuildFile; fileRef = 5502F226237CA2BE0068C1F7 /* LaunchScreen.storyboard */; };
		70C16B852381ED8E009E596E /* ItemsListCollectionViewCell.swift in Sources */ = {isa = PBXBuildFile; fileRef = 70C16B842381ED8E009E596E /* ItemsListCollectionViewCell.swift */; };
		70C16B9C2381FBD8009E596E /* MyAccountViewController.swift in Sources */ = {isa = PBXBuildFile; fileRef = 70C16B9B2381FBD8009E596E /* MyAccountViewController.swift */; };
		70C16B9E2381FBDF009E596E /* UpdateProfileViewController.swift in Sources */ = {isa = PBXBuildFile; fileRef = 70C16B9D2381FBDF009E596E /* UpdateProfileViewController.swift */; };
		70C16BA02381FC29009E596E /* LoginViewController.swift in Sources */ = {isa = PBXBuildFile; fileRef = 70C16B9F2381FC29009E596E /* LoginViewController.swift */; };
		70C16BA22381FC2E009E596E /* SignUpViewController.swift in Sources */ = {isa = PBXBuildFile; fileRef = 70C16BA12381FC2D009E596E /* SignUpViewController.swift */; };
		70C16BA42381FC44009E596E /* verfyingValidations.swift in Sources */ = {isa = PBXBuildFile; fileRef = 70C16BA32381FC44009E596E /* verfyingValidations.swift */; };
		70C16BA62381FC59009E596E /* MenuTableViewController.swift in Sources */ = {isa = PBXBuildFile; fileRef = 70C16BA52381FC59009E596E /* MenuTableViewController.swift */; };
		70C16BAE2382112A009E596E /* ProductsListViewController.swift in Sources */ = {isa = PBXBuildFile; fileRef = 70C16BAD2382112A009E596E /* ProductsListViewController.swift */; };
		70C16BB023821137009E596E /* ProductDetailsViewController.swift in Sources */ = {isa = PBXBuildFile; fileRef = 70C16BAF23821137009E596E /* ProductDetailsViewController.swift */; };
		70C16BB223821146009E596E /* Products.swift in Sources */ = {isa = PBXBuildFile; fileRef = 70C16BB123821146009E596E /* Products.swift */; };
		70C16BB42382167B009E596E /* AddToCartViewController.swift in Sources */ = {isa = PBXBuildFile; fileRef = 70C16BB32382167B009E596E /* AddToCartViewController.swift */; };
		70C16BB623821688009E596E /* Cart.swift in Sources */ = {isa = PBXBuildFile; fileRef = 70C16BB523821688009E596E /* Cart.swift */; };
		70C16BB823821A33009E596E /* CartItemTableViewCell.swift in Sources */ = {isa = PBXBuildFile; fileRef = 70C16BB723821A33009E596E /* CartItemTableViewCell.swift */; };
		70C16BBA23821B0E009E596E /* PaymentViewController.swift in Sources */ = {isa = PBXBuildFile; fileRef = 70C16BB923821B0E009E596E /* PaymentViewController.swift */; };
		70C16BBC23821EF1009E596E /* OrderViewController.swift in Sources */ = {isa = PBXBuildFile; fileRef = 70C16BBB23821EF0009E596E /* OrderViewController.swift */; };
		70C16BBE23822140009E596E /* OrderTableViewCell.swift in Sources */ = {isa = PBXBuildFile; fileRef = 70C16BBD2382213F009E596E /* OrderTableViewCell.swift */; };
		70C16BC023822470009E596E /* AboutUsViewController.swift in Sources */ = {isa = PBXBuildFile; fileRef = 70C16BBF23822470009E596E /* AboutUsViewController.swift */; };
		70C16BC423823277009E596E /* apple-logo.png in Resources */ = {isa = PBXBuildFile; fileRef = 70C16BC323823277009E596E /* apple-logo.png */; };
		70C16BCC238232E3009E596E /* profilePic.png in Resources */ = {isa = PBXBuildFile; fileRef = 70C16BCB238232E3009E596E /* profilePic.png */; };
		70C16BD023823327009E596E /* mi.png in Resources */ = {isa = PBXBuildFile; fileRef = 70C16BCF23823327009E596E /* mi.png */; };
		70C16BD22382332E009E596E /* oppo.png in Resources */ = {isa = PBXBuildFile; fileRef = 70C16BD12382332E009E596E /* oppo.png */; };
		70C16BD423823335009E596E /* samsung.png in Resources */ = {isa = PBXBuildFile; fileRef = 70C16BD323823335009E596E /* samsung.png */; };
		70C16BD62382333C009E596E /* vivo.png in Resources */ = {isa = PBXBuildFile; fileRef = 70C16BD52382333C009E596E /* vivo.png */; };
		70C16BE423823566009E596E /* SamsungS10Back.jpg in Resources */ = {isa = PBXBuildFile; fileRef = 70C16BD823823566009E596E /* SamsungS10Back.jpg */; };
		70C16BE523823566009E596E /* redmiFront.jpg in Resources */ = {isa = PBXBuildFile; fileRef = 70C16BD923823566009E596E /* redmiFront.jpg */; };
		70C16BE623823566009E596E /* vivoFront.jpg in Resources */ = {isa = PBXBuildFile; fileRef = 70C16BDA23823566009E596E /* vivoFront.jpg */; };
		70C16BE723823566009E596E /* oppoBack.jpg in Resources */ = {isa = PBXBuildFile; fileRef = 70C16BDB23823566009E596E /* oppoBack.jpg */; };
		70C16BE823823566009E596E /* htcFront.jpg in Resources */ = {isa = PBXBuildFile; fileRef = 70C16BDC23823566009E596E /* htcFront.jpg */; };
		70C16BE923823566009E596E /* appleFront.jpg in Resources */ = {isa = PBXBuildFile; fileRef = 70C16BDD23823566009E596E /* appleFront.jpg */; };
		70C16BEA23823566009E596E /* appleBack.jpg in Resources */ = {isa = PBXBuildFile; fileRef = 70C16BDE23823566009E596E /* appleBack.jpg */; };
		70C16BEB23823566009E596E /* redmiBack.jpg in Resources */ = {isa = PBXBuildFile; fileRef = 70C16BDF23823566009E596E /* redmiBack.jpg */; };
		70C16BEC23823566009E596E /* samsung10Front.jpg in Resources */ = {isa = PBXBuildFile; fileRef = 70C16BE023823566009E596E /* samsung10Front.jpg */; };
		70C16BED23823566009E596E /* oppoFront.jpg in Resources */ = {isa = PBXBuildFile; fileRef = 70C16BE123823566009E596E /* oppoFront.jpg */; };
		70C16BEE23823566009E596E /* htcBack.jpg in Resources */ = {isa = PBXBuildFile; fileRef = 70C16BE223823566009E596E /* htcBack.jpg */; };
		70C16BEF23823566009E596E /* vivoBack.jpg in Resources */ = {isa = PBXBuildFile; fileRef = 70C16BE323823566009E596E /* vivoBack.jpg */; };
		70C16BF12382386F009E596E /* AboutUsData.html in Resources */ = {isa = PBXBuildFile; fileRef = 70C16BF02382386F009E596E /* AboutUsData.html */; };
		70C16BF323823995009E596E /* htc.png in Resources */ = {isa = PBXBuildFile; fileRef = 70C16BF223823995009E596E /* htc.png */; };
		9BE7C8BF237E1778007AC2C2 /* WelcomeViewController.swift in Sources */ = {isa = PBXBuildFile; fileRef = 9BE7C8BA237E1778007AC2C2 /* WelcomeViewController.swift */; };
/* End PBXBuildFile section */

/* Begin PBXFileReference section */
		3998A392237FC7A10098B9D6 /* iphone.png */ = {isa = PBXFileReference; lastKnownFileType = image.png; name = iphone.png; path = ../../iphone.png; sourceTree = "<group>"; };
		5502F218237CA2BD0068C1F7 /* IosProject.app */ = {isa = PBXFileReference; explicitFileType = wrapper.application; includeInIndex = 0; path = IosProject.app; sourceTree = BUILT_PRODUCTS_DIR; };
		5502F21B237CA2BD0068C1F7 /* AppDelegate.swift */ = {isa = PBXFileReference; lastKnownFileType = sourcecode.swift; path = AppDelegate.swift; sourceTree = "<group>"; };
		5502F21D237CA2BD0068C1F7 /* SceneDelegate.swift */ = {isa = PBXFileReference; lastKnownFileType = sourcecode.swift; path = SceneDelegate.swift; sourceTree = "<group>"; };
		5502F222237CA2BD0068C1F7 /* Base */ = {isa = PBXFileReference; lastKnownFileType = file.storyboard; name = Base; path = Base.lproj/Main.storyboard; sourceTree = "<group>"; };
		5502F224237CA2BE0068C1F7 /* Assets.xcassets */ = {isa = PBXFileReference; lastKnownFileType = folder.assetcatalog; path = Assets.xcassets; sourceTree = "<group>"; };
		5502F227237CA2BE0068C1F7 /* Base */ = {isa = PBXFileReference; lastKnownFileType = file.storyboard; name = Base; path = Base.lproj/LaunchScreen.storyboard; sourceTree = "<group>"; };
		5502F229237CA2BE0068C1F7 /* Info.plist */ = {isa = PBXFileReference; lastKnownFileType = text.plist.xml; path = Info.plist; sourceTree = "<group>"; };
		70C16B842381ED8E009E596E /* ItemsListCollectionViewCell.swift */ = {isa = PBXFileReference; fileEncoding = 4; lastKnownFileType = sourcecode.swift; path = ItemsListCollectionViewCell.swift; sourceTree = "<group>"; };
		70C16B9B2381FBD8009E596E /* MyAccountViewController.swift */ = {isa = PBXFileReference; fileEncoding = 4; lastKnownFileType = sourcecode.swift; path = MyAccountViewController.swift; sourceTree = "<group>"; };
		70C16B9D2381FBDF009E596E /* UpdateProfileViewController.swift */ = {isa = PBXFileReference; fileEncoding = 4; lastKnownFileType = sourcecode.swift; path = UpdateProfileViewController.swift; sourceTree = "<group>"; };
		70C16B9F2381FC29009E596E /* LoginViewController.swift */ = {isa = PBXFileReference; fileEncoding = 4; lastKnownFileType = sourcecode.swift; path = LoginViewController.swift; sourceTree = "<group>"; };
		70C16BA12381FC2D009E596E /* SignUpViewController.swift */ = {isa = PBXFileReference; fileEncoding = 4; lastKnownFileType = sourcecode.swift; path = SignUpViewController.swift; sourceTree = "<group>"; };
		70C16BA32381FC44009E596E /* verfyingValidations.swift */ = {isa = PBXFileReference; fileEncoding = 4; lastKnownFileType = sourcecode.swift; path = verfyingValidations.swift; sourceTree = "<group>"; };
		70C16BA52381FC59009E596E /* MenuTableViewController.swift */ = {isa = PBXFileReference; fileEncoding = 4; lastKnownFileType = sourcecode.swift; path = MenuTableViewController.swift; sourceTree = "<group>"; };
		70C16BAD2382112A009E596E /* ProductsListViewController.swift */ = {isa = PBXFileReference; fileEncoding = 4; lastKnownFileType = sourcecode.swift; path = ProductsListViewController.swift; sourceTree = "<group>"; };
		70C16BAF23821137009E596E /* ProductDetailsViewController.swift */ = {isa = PBXFileReference; fileEncoding = 4; lastKnownFileType = sourcecode.swift; path = ProductDetailsViewController.swift; sourceTree = "<group>"; };
		70C16BB123821146009E596E /* Products.swift */ = {isa = PBXFileReference; fileEncoding = 4; lastKnownFileType = sourcecode.swift; path = Products.swift; sourceTree = "<group>"; };
		70C16BB32382167B009E596E /* AddToCartViewController.swift */ = {isa = PBXFileReference; fileEncoding = 4; lastKnownFileType = sourcecode.swift; path = AddToCartViewController.swift; sourceTree = "<group>"; };
		70C16BB523821688009E596E /* Cart.swift */ = {isa = PBXFileReference; lastKnownFileType = sourcecode.swift; path = Cart.swift; sourceTree = "<group>"; };
		70C16BB723821A33009E596E /* CartItemTableViewCell.swift */ = {isa = PBXFileReference; fileEncoding = 4; lastKnownFileType = sourcecode.swift; path = CartItemTableViewCell.swift; sourceTree = "<group>"; };
		70C16BB923821B0E009E596E /* PaymentViewController.swift */ = {isa = PBXFileReference; fileEncoding = 4; lastKnownFileType = sourcecode.swift; path = PaymentViewController.swift; sourceTree = "<group>"; };
		70C16BBB23821EF0009E596E /* OrderViewController.swift */ = {isa = PBXFileReference; fileEncoding = 4; lastKnownFileType = sourcecode.swift; path = OrderViewController.swift; sourceTree = "<group>"; };
		70C16BBD2382213F009E596E /* OrderTableViewCell.swift */ = {isa = PBXFileReference; fileEncoding = 4; lastKnownFileType = sourcecode.swift; path = OrderTableViewCell.swift; sourceTree = "<group>"; };
		70C16BBF23822470009E596E /* AboutUsViewController.swift */ = {isa = PBXFileReference; lastKnownFileType = sourcecode.swift; path = AboutUsViewController.swift; sourceTree = "<group>"; };
		70C16BC323823277009E596E /* apple-logo.png */ = {isa = PBXFileReference; lastKnownFileType = image.png; path = "apple-logo.png"; sourceTree = "<group>"; };
		70C16BCB238232E3009E596E /* profilePic.png */ = {isa = PBXFileReference; lastKnownFileType = image.png; path = profilePic.png; sourceTree = "<group>"; };
		70C16BCF23823327009E596E /* mi.png */ = {isa = PBXFileReference; lastKnownFileType = image.png; path = mi.png; sourceTree = "<group>"; };
		70C16BD12382332E009E596E /* oppo.png */ = {isa = PBXFileReference; lastKnownFileType = image.png; path = oppo.png; sourceTree = "<group>"; };
		70C16BD323823335009E596E /* samsung.png */ = {isa = PBXFileReference; lastKnownFileType = image.png; path = samsung.png; sourceTree = "<group>"; };
		70C16BD52382333C009E596E /* vivo.png */ = {isa = PBXFileReference; lastKnownFileType = image.png; path = vivo.png; sourceTree = "<group>"; };
		70C16BD823823566009E596E /* SamsungS10Back.jpg */ = {isa = PBXFileReference; lastKnownFileType = image.jpeg; path = SamsungS10Back.jpg; sourceTree = "<group>"; };
		70C16BD923823566009E596E /* redmiFront.jpg */ = {isa = PBXFileReference; lastKnownFileType = image.jpeg; path = redmiFront.jpg; sourceTree = "<group>"; };
		70C16BDA23823566009E596E /* vivoFront.jpg */ = {isa = PBXFileReference; lastKnownFileType = image.jpeg; path = vivoFront.jpg; sourceTree = "<group>"; };
		70C16BDB23823566009E596E /* oppoBack.jpg */ = {isa = PBXFileReference; lastKnownFileType = image.jpeg; path = oppoBack.jpg; sourceTree = "<group>"; };
		70C16BDC23823566009E596E /* htcFront.jpg */ = {isa = PBXFileReference; lastKnownFileType = image.jpeg; path = htcFront.jpg; sourceTree = "<group>"; };
		70C16BDD23823566009E596E /* appleFront.jpg */ = {isa = PBXFileReference; lastKnownFileType = image.jpeg; path = appleFront.jpg; sourceTree = "<group>"; };
		70C16BDE23823566009E596E /* appleBack.jpg */ = {isa = PBXFileReference; lastKnownFileType = image.jpeg; path = appleBack.jpg; sourceTree = "<group>"; };
		70C16BDF23823566009E596E /* redmiBack.jpg */ = {isa = PBXFileReference; lastKnownFileType = image.jpeg; path = redmiBack.jpg; sourceTree = "<group>"; };
		70C16BE023823566009E596E /* samsung10Front.jpg */ = {isa = PBXFileReference; lastKnownFileType = image.jpeg; path = samsung10Front.jpg; sourceTree = "<group>"; };
		70C16BE123823566009E596E /* oppoFront.jpg */ = {isa = PBXFileReference; lastKnownFileType = image.jpeg; path = oppoFront.jpg; sourceTree = "<group>"; };
		70C16BE223823566009E596E /* htcBack.jpg */ = {isa = PBXFileReference; lastKnownFileType = image.jpeg; path = htcBack.jpg; sourceTree = "<group>"; };
		70C16BE323823566009E596E /* vivoBack.jpg */ = {isa = PBXFileReference; lastKnownFileType = image.jpeg; path = vivoBack.jpg; sourceTree = "<group>"; };
		70C16BF02382386F009E596E /* AboutUsData.html */ = {isa = PBXFileReference; fileEncoding = 4; lastKnownFileType = text.html; path = AboutUsData.html; sourceTree = "<group>"; };
		70C16BF223823995009E596E /* htc.png */ = {isa = PBXFileReference; lastKnownFileType = image.png; path = htc.png; sourceTree = "<group>"; };
		9B0A80A4237F74E70046DCA3 /* iphone.png */ = {isa = PBXFileReference; lastKnownFileType = image.png; path = iphone.png; sourceTree = "<group>"; };
		9BE7C8BA237E1778007AC2C2 /* WelcomeViewController.swift */ = {isa = PBXFileReference; fileEncoding = 4; lastKnownFileType = sourcecode.swift; path = WelcomeViewController.swift; sourceTree = "<group>"; };
/* End PBXFileReference section */

/* Begin PBXFrameworksBuildPhase section */
		5502F215237CA2BD0068C1F7 /* Frameworks */ = {
			isa = PBXFrameworksBuildPhase;
			buildActionMask = 2147483647;
			files = (
			);
			runOnlyForDeploymentPostprocessing = 0;
		};
/* End PBXFrameworksBuildPhase section */

/* Begin PBXGroup section */
		5502F20F237CA2BC0068C1F7 = {
			isa = PBXGroup;
			children = (
				5502F21A237CA2BD0068C1F7 /* IosProject */,
				5502F219237CA2BD0068C1F7 /* Products */,
			);
			sourceTree = "<group>";
		};
		5502F219237CA2BD0068C1F7 /* Products */ = {
			isa = PBXGroup;
			children = (
				5502F218237CA2BD0068C1F7 /* IosProject.app */,
			);
			name = Products;
			sourceTree = "<group>";
		};
		5502F21A237CA2BD0068C1F7 /* IosProject */ = {
			isa = PBXGroup;
			children = (
				70C16BD723823541009E596E /* Pictures */,
				70C16BC223823269009E596E /* Icon */,
				5502F21B237CA2BD0068C1F7 /* AppDelegate.swift */,
				5502F21D237CA2BD0068C1F7 /* SceneDelegate.swift */,
				5502F221237CA2BD0068C1F7 /* Main.storyboard */,
				5502F224237CA2BE0068C1F7 /* Assets.xcassets */,
				70C16B9F2381FC29009E596E /* LoginViewController.swift */,
				70C16BBF23822470009E596E /* AboutUsViewController.swift */,
				70C16BB523821688009E596E /* Cart.swift */,
				70C16BF02382386F009E596E /* AboutUsData.html */,
				3998A392237FC7A10098B9D6 /* iphone.png */,
				70C16BAD2382112A009E596E /* ProductsListViewController.swift */,
				70C16B9D2381FBDF009E596E /* UpdateProfileViewController.swift */,
				70C16B842381ED8E009E596E /* ItemsListCollectionViewCell.swift */,
				70C16B9B2381FBD8009E596E /* MyAccountViewController.swift */,
				70C16BAF23821137009E596E /* ProductDetailsViewController.swift */,
				70C16BA32381FC44009E596E /* verfyingValidations.swift */,
				70C16BA12381FC2D009E596E /* SignUpViewController.swift */,
				70C16BB123821146009E596E /* Products.swift */,
				70C16BB32382167B009E596E /* AddToCartViewController.swift */,
				70C16BB723821A33009E596E /* CartItemTableViewCell.swift */,
				5502F226237CA2BE0068C1F7 /* LaunchScreen.storyboard */,
				9BE7C8BA237E1778007AC2C2 /* WelcomeViewController.swift */,
				70C16BA52381FC59009E596E /* MenuTableViewController.swift */,
				70C16BBB23821EF0009E596E /* OrderViewController.swift */,
				70C16BB923821B0E009E596E /* PaymentViewController.swift */,
				70C16BBD2382213F009E596E /* OrderTableViewCell.swift */,
				5502F229237CA2BE0068C1F7 /* Info.plist */,
				9B0A80A4237F74E70046DCA3 /* iphone.png */,
			);
			path = IosProject;
			sourceTree = "<group>";
		};
		70C16BC223823269009E596E /* Icon */ = {
			isa = PBXGroup;
			children = (
				70C16BCB238232E3009E596E /* profilePic.png */,
				70C16BCF23823327009E596E /* mi.png */,
				70C16BF223823995009E596E /* htc.png */,
				70C16BD12382332E009E596E /* oppo.png */,
				70C16BD52382333C009E596E /* vivo.png */,
				70C16BD323823335009E596E /* samsung.png */,
				70C16BC323823277009E596E /* apple-logo.png */,
			);
			path = Icon;
			sourceTree = "<group>";
		};
		70C16BD723823541009E596E /* Pictures */ = {
			isa = PBXGroup;
			children = (
				70C16BDE23823566009E596E /* appleBack.jpg */,
				70C16BDD23823566009E596E /* appleFront.jpg */,
				70C16BE223823566009E596E /* htcBack.jpg */,
				70C16BDC23823566009E596E /* htcFront.jpg */,
				70C16BDB23823566009E596E /* oppoBack.jpg */,
				70C16BE123823566009E596E /* oppoFront.jpg */,
				70C16BDF23823566009E596E /* redmiBack.jpg */,
				70C16BD923823566009E596E /* redmiFront.jpg */,
				70C16BE023823566009E596E /* samsung10Front.jpg */,
				70C16BD823823566009E596E /* SamsungS10Back.jpg */,
				70C16BE323823566009E596E /* vivoBack.jpg */,
				70C16BDA23823566009E596E /* vivoFront.jpg */,
			);
			path = Pictures;
			sourceTree = "<group>";
		};
/* End PBXGroup section */

/* Begin PBXNativeTarget section */
		5502F217237CA2BD0068C1F7 /* IosProject */ = {
			isa = PBXNativeTarget;
			buildConfigurationList = 5502F22C237CA2BE0068C1F7 /* Build configuration list for PBXNativeTarget "IosProject" */;
			buildPhases = (
				5502F214237CA2BD0068C1F7 /* Sources */,
				5502F215237CA2BD0068C1F7 /* Frameworks */,
				5502F216237CA2BD0068C1F7 /* Resources */,
			);
			buildRules = (
			);
			dependencies = (
			);
			name = IosProject;
			productName = IosProject;
			productReference = 5502F218237CA2BD0068C1F7 /* IosProject.app */;
			productType = "com.apple.product-type.application";
		};
/* End PBXNativeTarget section */

/* Begin PBXProject section */
		5502F210237CA2BC0068C1F7 /* Project object */ = {
			isa = PBXProject;
			attributes = {
				LastSwiftUpdateCheck = 1110;
				LastUpgradeCheck = 1110;
				ORGANIZATIONNAME = Camy;
				TargetAttributes = {
					5502F217237CA2BD0068C1F7 = {
						CreatedOnToolsVersion = 11.1;
					};
				};
			};
			buildConfigurationList = 5502F213237CA2BD0068C1F7 /* Build configuration list for PBXProject "IosProject" */;
			compatibilityVersion = "Xcode 9.3";
			developmentRegion = en;
			hasScannedForEncodings = 0;
			knownRegions = (
				en,
				Base,
			);
			mainGroup = 5502F20F237CA2BC0068C1F7;
			productRefGroup = 5502F219237CA2BD0068C1F7 /* Products */;
			projectDirPath = "";
			projectRoot = "";
			targets = (
				5502F217237CA2BD0068C1F7 /* IosProject */,
			);
		};
/* End PBXProject section */

/* Begin PBXResourcesBuildPhase section */
		5502F216237CA2BD0068C1F7 /* Resources */ = {
			isa = PBXResourcesBuildPhase;
			buildActionMask = 2147483647;
			files = (
				5502F228237CA2BE0068C1F7 /* LaunchScreen.storyboard in Resources */,
				70C16BD62382333C009E596E /* vivo.png in Resources */,
				70C16BE623823566009E596E /* vivoFront.jpg in Resources */,
				70C16BD22382332E009E596E /* oppo.png in Resources */,
				70C16BD023823327009E596E /* mi.png in Resources */,
				70C16BEC23823566009E596E /* samsung10Front.jpg in Resources */,
				70C16BEF23823566009E596E /* vivoBack.jpg in Resources */,
				5502F225237CA2BE0068C1F7 /* Assets.xcassets in Resources */,
				70C16BED23823566009E596E /* oppoFront.jpg in Resources */,
				70C16BD423823335009E596E /* samsung.png in Resources */,
				70C16BC423823277009E596E /* apple-logo.png in Resources */,
				70C16BE923823566009E596E /* appleFront.jpg in Resources */,
				70C16BE523823566009E596E /* redmiFront.jpg in Resources */,
				70C16BEB23823566009E596E /* redmiBack.jpg in Resources */,
				70C16BE423823566009E596E /* SamsungS10Back.jpg in Resources */,
				70C16BEA23823566009E596E /* appleBack.jpg in Resources */,
				70C16BF12382386F009E596E /* AboutUsData.html in Resources */,
				70C16BF323823995009E596E /* htc.png in Resources */,
				70C16BEE23823566009E596E /* htcBack.jpg in Resources */,
				5502F223237CA2BD0068C1F7 /* Main.storyboard in Resources */,
				70C16BE723823566009E596E /* oppoBack.jpg in Resources */,
				70C16BE823823566009E596E /* htcFront.jpg in Resources */,
				70C16BCC238232E3009E596E /* profilePic.png in Resources */,
			);
			runOnlyForDeploymentPostprocessing = 0;
		};
/* End PBXResourcesBuildPhase section */

/* Begin PBXSourcesBuildPhase section */
		5502F214237CA2BD0068C1F7 /* Sources */ = {
			isa = PBXSourcesBuildPhase;
			buildActionMask = 2147483647;
			files = (
				70C16BC023822470009E596E /* AboutUsViewController.swift in Sources */,
				70C16BA42381FC44009E596E /* verfyingValidations.swift in Sources */,
				70C16BA02381FC29009E596E /* LoginViewController.swift in Sources */,
				70C16BB823821A33009E596E /* CartItemTableViewCell.swift in Sources */,
				70C16BA62381FC59009E596E /* MenuTableViewController.swift in Sources */,
				70C16BB023821137009E596E /* ProductDetailsViewController.swift in Sources */,
				5502F21C237CA2BD0068C1F7 /* AppDelegate.swift in Sources */,
				70C16BAE2382112A009E596E /* ProductsListViewController.swift in Sources */,
				70C16BBA23821B0E009E596E /* PaymentViewController.swift in Sources */,
				70C16BBE23822140009E596E /* OrderTableViewCell.swift in Sources */,
				70C16BA22381FC2E009E596E /* SignUpViewController.swift in Sources */,
				70C16BB623821688009E596E /* Cart.swift in Sources */,
				70C16BB223821146009E596E /* Products.swift in Sources */,
				5502F21E237CA2BD0068C1F7 /* SceneDelegate.swift in Sources */,
				70C16B9C2381FBD8009E596E /* MyAccountViewController.swift in Sources */,
				70C16B9E2381FBDF009E596E /* UpdateProfileViewController.swift in Sources */,
				70C16BB42382167B009E596E /* AddToCartViewController.swift in Sources */,
				9BE7C8BF237E1778007AC2C2 /* WelcomeViewController.swift in Sources */,
				70C16B852381ED8E009E596E /* ItemsListCollectionViewCell.swift in Sources */,
				70C16BBC23821EF1009E596E /* OrderViewController.swift in Sources */,
			);
			runOnlyForDeploymentPostprocessing = 0;
		};
/* End PBXSourcesBuildPhase section */

/* Begin PBXVariantGroup section */
		5502F221237CA2BD0068C1F7 /* Main.storyboard */ = {
			isa = PBXVariantGroup;
			children = (
				5502F222237CA2BD0068C1F7 /* Base */,
			);
			name = Main.storyboard;
			sourceTree = "<group>";
		};
		5502F226237CA2BE0068C1F7 /* LaunchScreen.storyboard */ = {
			isa = PBXVariantGroup;
			children = (
				5502F227237CA2BE0068C1F7 /* Base */,
			);
			name = LaunchScreen.storyboard;
			sourceTree = "<group>";
		};
/* End PBXVariantGroup section */

/* Begin XCBuildConfiguration section */
		5502F22A237CA2BE0068C1F7 /* Debug */ = {
			isa = XCBuildConfiguration;
			buildSettings = {
				ALWAYS_SEARCH_USER_PATHS = NO;
				CLANG_ANALYZER_NONNULL = YES;
				CLANG_ANALYZER_NUMBER_OBJECT_CONVERSION = YES_AGGRESSIVE;
				CLANG_CXX_LANGUAGE_STANDARD = "gnu++14";
				CLANG_CXX_LIBRARY = "libc++";
				CLANG_ENABLE_MODULES = YES;
				CLANG_ENABLE_OBJC_ARC = YES;
				CLANG_ENABLE_OBJC_WEAK = YES;
				CLANG_WARN_BLOCK_CAPTURE_AUTORELEASING = YES;
				CLANG_WARN_BOOL_CONVERSION = YES;
				CLANG_WARN_COMMA = YES;
				CLANG_WARN_CONSTANT_CONVERSION = YES;
				CLANG_WARN_DEPRECATED_OBJC_IMPLEMENTATIONS = YES;
				CLANG_WARN_DIRECT_OBJC_ISA_USAGE = YES_ERROR;
				CLANG_WARN_DOCUMENTATION_COMMENTS = YES;
				CLANG_WARN_EMPTY_BODY = YES;
				CLANG_WARN_ENUM_CONVERSION = YES;
				CLANG_WARN_INFINITE_RECURSION = YES;
				CLANG_WARN_INT_CONVERSION = YES;
				CLANG_WARN_NON_LITERAL_NULL_CONVERSION = YES;
				CLANG_WARN_OBJC_IMPLICIT_RETAIN_SELF = YES;
				CLANG_WARN_OBJC_LITERAL_CONVERSION = YES;
				CLANG_WARN_OBJC_ROOT_CLASS = YES_ERROR;
				CLANG_WARN_RANGE_LOOP_ANALYSIS = YES;
				CLANG_WARN_STRICT_PROTOTYPES = YES;
				CLANG_WARN_SUSPICIOUS_MOVE = YES;
				CLANG_WARN_UNGUARDED_AVAILABILITY = YES_AGGRESSIVE;
				CLANG_WARN_UNREACHABLE_CODE = YES;
				CLANG_WARN__DUPLICATE_METHOD_MATCH = YES;
				COPY_PHASE_STRIP = NO;
				DEBUG_INFORMATION_FORMAT = dwarf;
				ENABLE_STRICT_OBJC_MSGSEND = YES;
				ENABLE_TESTABILITY = YES;
				GCC_C_LANGUAGE_STANDARD = gnu11;
				GCC_DYNAMIC_NO_PIC = NO;
				GCC_NO_COMMON_BLOCKS = YES;
				GCC_OPTIMIZATION_LEVEL = 0;
				GCC_PREPROCESSOR_DEFINITIONS = (
					"DEBUG=1",
					"$(inherited)",
				);
				GCC_WARN_64_TO_32_BIT_CONVERSION = YES;
				GCC_WARN_ABOUT_RETURN_TYPE = YES_ERROR;
				GCC_WARN_UNDECLARED_SELECTOR = YES;
				GCC_WARN_UNINITIALIZED_AUTOS = YES_AGGRESSIVE;
				GCC_WARN_UNUSED_FUNCTION = YES;
				GCC_WARN_UNUSED_VARIABLE = YES;
				IPHONEOS_DEPLOYMENT_TARGET = 13.1;
				MTL_ENABLE_DEBUG_INFO = INCLUDE_SOURCE;
				MTL_FAST_MATH = YES;
				ONLY_ACTIVE_ARCH = YES;
				SDKROOT = iphoneos;
				SWIFT_ACTIVE_COMPILATION_CONDITIONS = DEBUG;
				SWIFT_OPTIMIZATION_LEVEL = "-Onone";
			};
			name = Debug;
		};
		5502F22B237CA2BE0068C1F7 /* Release */ = {
			isa = XCBuildConfiguration;
			buildSettings = {
				ALWAYS_SEARCH_USER_PATHS = NO;
				CLANG_ANALYZER_NONNULL = YES;
				CLANG_ANALYZER_NUMBER_OBJECT_CONVERSION = YES_AGGRESSIVE;
				CLANG_CXX_LANGUAGE_STANDARD = "gnu++14";
				CLANG_CXX_LIBRARY = "libc++";
				CLANG_ENABLE_MODULES = YES;
				CLANG_ENABLE_OBJC_ARC = YES;
				CLANG_ENABLE_OBJC_WEAK = YES;
				CLANG_WARN_BLOCK_CAPTURE_AUTORELEASING = YES;
				CLANG_WARN_BOOL_CONVERSION = YES;
				CLANG_WARN_COMMA = YES;
				CLANG_WARN_CONSTANT_CONVERSION = YES;
				CLANG_WARN_DEPRECATED_OBJC_IMPLEMENTATIONS = YES;
				CLANG_WARN_DIRECT_OBJC_ISA_USAGE = YES_ERROR;
				CLANG_WARN_DOCUMENTATION_COMMENTS = YES;
				CLANG_WARN_EMPTY_BODY = YES;
				CLANG_WARN_ENUM_CONVERSION = YES;
				CLANG_WARN_INFINITE_RECURSION = YES;
				CLANG_WARN_INT_CONVERSION = YES;
				CLANG_WARN_NON_LITERAL_NULL_CONVERSION = YES;
				CLANG_WARN_OBJC_IMPLICIT_RETAIN_SELF = YES;
				CLANG_WARN_OBJC_LITERAL_CONVERSION = YES;
				CLANG_WARN_OBJC_ROOT_CLASS = YES_ERROR;
				CLANG_WARN_RANGE_LOOP_ANALYSIS = YES;
				CLANG_WARN_STRICT_PROTOTYPES = YES;
				CLANG_WARN_SUSPICIOUS_MOVE = YES;
				CLANG_WARN_UNGUARDED_AVAILABILITY = YES_AGGRESSIVE;
				CLANG_WARN_UNREACHABLE_CODE = YES;
				CLANG_WARN__DUPLICATE_METHOD_MATCH = YES;
				COPY_PHASE_STRIP = NO;
				DEBUG_INFORMATION_FORMAT = "dwarf-with-dsym";
				ENABLE_NS_ASSERTIONS = NO;
				ENABLE_STRICT_OBJC_MSGSEND = YES;
				GCC_C_LANGUAGE_STANDARD = gnu11;
				GCC_NO_COMMON_BLOCKS = YES;
				GCC_WARN_64_TO_32_BIT_CONVERSION = YES;
				GCC_WARN_ABOUT_RETURN_TYPE = YES_ERROR;
				GCC_WARN_UNDECLARED_SELECTOR = YES;
				GCC_WARN_UNINITIALIZED_AUTOS = YES_AGGRESSIVE;
				GCC_WARN_UNUSED_FUNCTION = YES;
				GCC_WARN_UNUSED_VARIABLE = YES;
				IPHONEOS_DEPLOYMENT_TARGET = 13.1;
				MTL_ENABLE_DEBUG_INFO = NO;
				MTL_FAST_MATH = YES;
				SDKROOT = iphoneos;
				SWIFT_COMPILATION_MODE = wholemodule;
				SWIFT_OPTIMIZATION_LEVEL = "-O";
				VALIDATE_PRODUCT = YES;
			};
			name = Release;
		};
		5502F22D237CA2BE0068C1F7 /* Debug */ = {
			isa = XCBuildConfiguration;
			buildSettings = {
				ASSETCATALOG_COMPILER_APPICON_NAME = AppIcon;
				CODE_SIGN_STYLE = Automatic;
				INFOPLIST_FILE = IosProject/Info.plist;
				LD_RUNPATH_SEARCH_PATHS = (
					"$(inherited)",
					"@executable_path/Frameworks",
				);
				PRODUCT_BUNDLE_IDENTIFIER = com.Camy.IosProject;
				PRODUCT_NAME = "$(TARGET_NAME)";
				SWIFT_VERSION = 5.0;
				TARGETED_DEVICE_FAMILY = "1,2";
			};
			name = Debug;
		};
		5502F22E237CA2BE0068C1F7 /* Release */ = {
			isa = XCBuildConfiguration;
			buildSettings = {
				ASSETCATALOG_COMPILER_APPICON_NAME = AppIcon;
				CODE_SIGN_STYLE = Automatic;
				INFOPLIST_FILE = IosProject/Info.plist;
				LD_RUNPATH_SEARCH_PATHS = (
					"$(inherited)",
					"@executable_path/Frameworks",
				);
				PRODUCT_BUNDLE_IDENTIFIER = com.Camy.IosProject;
				PRODUCT_NAME = "$(TARGET_NAME)";
				SWIFT_VERSION = 5.0;
				TARGETED_DEVICE_FAMILY = "1,2";
			};
			name = Release;
		};
/* End XCBuildConfiguration section */

/* Begin XCConfigurationList section */
		5502F213237CA2BD0068C1F7 /* Build configuration list for PBXProject "IosProject" */ = {
			isa = XCConfigurationList;
			buildConfigurations = (
				5502F22A237CA2BE0068C1F7 /* Debug */,
				5502F22B237CA2BE0068C1F7 /* Release */,
			);
			defaultConfigurationIsVisible = 0;
			defaultConfigurationName = Release;
		};
		5502F22C237CA2BE0068C1F7 /* Build configuration list for PBXNativeTarget "IosProject" */ = {
			isa = XCConfigurationList;
			buildConfigurations = (
				5502F22D237CA2BE0068C1F7 /* Debug */,
				5502F22E237CA2BE0068C1F7 /* Release */,
			);
			defaultConfigurationIsVisible = 0;
			defaultConfigurationName = Release;
		};
/* End XCConfigurationList section */
	};
	rootObject = 5502F210237CA2BC0068C1F7 /* Project object */;
}
